{
  "name": "@pod-os/dashboard-garage",
  "version": "0.1.0",
  "lockfileVersion": 3,
  "requires": true,
  "packages": {
    "": {
      "name": "@pod-os/dashboard-garage",
      "version": "0.1.0",
      "license": "MIT",
      "devDependencies": {
        "@wc-toolkit/cem-utilities": "^1.5.4"
      }
    },
    "node_modules/@wc-toolkit/cem-utilities": {
      "version": "1.5.4",
      "resolved": "https://registry.npmjs.org/@wc-toolkit/cem-utilities/-/cem-utilities-1.5.4.tgz",
      "integrity": "sha512-0JXTcMK27nT/hQb79XuBYeD0LLR70DLhBFMP9XLWLwSwRa5Ys85ShKvptscQmS+7z3Lx2kExY8xHRblI1fXc2A==",
      "dev": true,
      "license": "MIT"
    }
  }
}
